
Microsoft Visual Studio Solution File, Format Version 12.00
# Visual Studio 15
VisualStudioVersion = 15.0.28010.2003
MinimumVisualStudioVersion = 10.0.40219.1
Project("{FAE04EC0-301F-11D3-BF4B-00C04F79EFBC}") = "devTest.UI", "devtest.UI\devTest.UI.csproj", "{BF377AAA-5FE4-4238-B9FE-9AA54F8917C6}"
EndProject
Project("{2150E333-8FDC-42A3-9474-1A3956D46DE8}") = "1. PRESENTATION", "1. PRESENTATION", "{0A62BAA2-D4A5-4468-82DD-35B6C81E72BC}"
EndProject
Project("{2150E333-8FDC-42A3-9474-1A3956D46DE8}") = "2. DISTRIBUTED SERVICES", "2. DISTRIBUTED SERVICES", "{3CA80A8A-02C5-411D-B0AD-3B10367735F6}"
EndProject
Project("{2150E333-8FDC-42A3-9474-1A3956D46DE8}") = "3. APPLICATION", "3. APPLICATION", "{9F06921A-61C2-441C-AB6B-891E888B5F6D}"
EndProject
Project("{2150E333-8FDC-42A3-9474-1A3956D46DE8}") = "4. DOMAIN", "4. DOMAIN", "{D591EAFF-826C-4985-8463-5D11C26BEAEF}"
EndProject
Project("{2150E333-8FDC-42A3-9474-1A3956D46DE8}") = "6. CROSSCUTTING", "6. CROSSCUTTING", "{204E68D7-89DE-43DE-A89F-FC39E45F0354}"
EndProject
Project("{FAE04EC0-301F-11D3-BF4B-00C04F79EFBC}") = "devTest.Application", "devTest.Application\devTest.Application.csproj", "{47168F5A-C6AD-4184-9FE8-9ECF236CA7EB}"
EndProject
Project("{FAE04EC0-301F-11D3-BF4B-00C04F79EFBC}") = "devTest.Distributed", "devTest.Distributed\devTest.Distributed.csproj", "{3C48F95E-CB15-4B66-8AC4-0E1204A77325}"
EndProject
Project("{FAE04EC0-301F-11D3-BF4B-00C04F79EFBC}") = "devTest.CrossCutting", "devTest.CrossCutting\devTest.CrossCutting.csproj", "{51CFD3DB-4CE6-4C5D-AEEC-3A9865D0F128}"
EndProject
Project("{FAE04EC0-301F-11D3-BF4B-00C04F79EFBC}") = "devTest.Application.Core", "devTest.Application.Core\devTest.Application.Core.csproj", "{39534DE9-B96E-4728-B254-9FEC5FAFEEBE}"
EndProject
Project("{FAE04EC0-301F-11D3-BF4B-00C04F79EFBC}") = "devTest.Application.Dto", "devTest.Application.Dto\devTest.Application.Dto.csproj", "{39E8063C-F1E6-4E33-B6AF-F5667CC8E935}"
EndProject
Project("{FAE04EC0-301F-11D3-BF4B-00C04F79EFBC}") = "devTest.CrosCutting.Bootstrapper", "devTest.CrosCutting.Bootstrapper\devTest.CrosCutting.Bootstrapper.csproj", "{640F4990-FE84-4CAB-BFB3-956C5A47AE4C}"
EndProject
Project("{2150E333-8FDC-42A3-9474-1A3956D46DE8}") = "5. DATA", "5. DATA", "{EDD3179A-DD6C-46EE-9599-F2E73405C50D}"
EndProject
Project("{FAE04EC0-301F-11D3-BF4B-00C04F79EFBC}") = "devTest.Data", "devTest.Data\devTest.Data.csproj", "{B8B22D40-5F45-48D5-98B6-1DCEFA9E12BB}"
EndProject
Project("{FAE04EC0-301F-11D3-BF4B-00C04F79EFBC}") = "devTest.Domain", "devTest.Domain\devTest.Domain.csproj", "{D8AC64C2-9FF9-4045-BA60-76838E8E9D81}"
EndProject
Global
	GlobalSection(SolutionConfigurationPlatforms) = preSolution
		Debug|Any CPU = Debug|Any CPU
		Release|Any CPU = Release|Any CPU
	EndGlobalSection
	GlobalSection(ProjectConfigurationPlatforms) = postSolution
		{BF377AAA-5FE4-4238-B9FE-9AA54F8917C6}.Debug|Any CPU.ActiveCfg = Debug|Any CPU
		{BF377AAA-5FE4-4238-B9FE-9AA54F8917C6}.Debug|Any CPU.Build.0 = Debug|Any CPU
		{BF377AAA-5FE4-4238-B9FE-9AA54F8917C6}.Release|Any CPU.ActiveCfg = Release|Any CPU
		{BF377AAA-5FE4-4238-B9FE-9AA54F8917C6}.Release|Any CPU.Build.0 = Release|Any CPU
		{47168F5A-C6AD-4184-9FE8-9ECF236CA7EB}.Debug|Any CPU.ActiveCfg = Debug|Any CPU
		{47168F5A-C6AD-4184-9FE8-9ECF236CA7EB}.Debug|Any CPU.Build.0 = Debug|Any CPU
		{47168F5A-C6AD-4184-9FE8-9ECF236CA7EB}.Release|Any CPU.ActiveCfg = Release|Any CPU
		{47168F5A-C6AD-4184-9FE8-9ECF236CA7EB}.Release|Any CPU.Build.0 = Release|Any CPU
		{3C48F95E-CB15-4B66-8AC4-0E1204A77325}.Debug|Any CPU.ActiveCfg = Debug|Any CPU
		{3C48F95E-CB15-4B66-8AC4-0E1204A77325}.Debug|Any CPU.Build.0 = Debug|Any CPU
		{3C48F95E-CB15-4B66-8AC4-0E1204A77325}.Release|Any CPU.ActiveCfg = Release|Any CPU
		{3C48F95E-CB15-4B66-8AC4-0E1204A77325}.Release|Any CPU.Build.0 = Release|Any CPU
		{51CFD3DB-4CE6-4C5D-AEEC-3A9865D0F128}.Debug|Any CPU.ActiveCfg = Debug|Any CPU
		{51CFD3DB-4CE6-4C5D-AEEC-3A9865D0F128}.Debug|Any CPU.Build.0 = Debug|Any CPU
		{51CFD3DB-4CE6-4C5D-AEEC-3A9865D0F128}.Release|Any CPU.ActiveCfg = Release|Any CPU
		{51CFD3DB-4CE6-4C5D-AEEC-3A9865D0F128}.Release|Any CPU.Build.0 = Release|Any CPU
		{39534DE9-B96E-4728-B254-9FEC5FAFEEBE}.Debug|Any CPU.ActiveCfg = Debug|Any CPU
		{39534DE9-B96E-4728-B254-9FEC5FAFEEBE}.Debug|Any CPU.Build.0 = Debug|Any CPU
		{39534DE9-B96E-4728-B254-9FEC5FAFEEBE}.Release|Any CPU.ActiveCfg = Release|Any CPU
		{39534DE9-B96E-4728-B254-9FEC5FAFEEBE}.Release|Any CPU.Build.0 = Release|Any CPU
		{39E8063C-F1E6-4E33-B6AF-F5667CC8E935}.Debug|Any CPU.ActiveCfg = Debug|Any CPU
		{39E8063C-F1E6-4E33-B6AF-F5667CC8E935}.Debug|Any CPU.Build.0 = Debug|Any CPU
		{39E8063C-F1E6-4E33-B6AF-F5667CC8E935}.Release|Any CPU.ActiveCfg = Release|Any CPU
		{39E8063C-F1E6-4E33-B6AF-F5667CC8E935}.Release|Any CPU.Build.0 = Release|Any CPU
		{640F4990-FE84-4CAB-BFB3-956C5A47AE4C}.Debug|Any CPU.ActiveCfg = Debug|Any CPU
		{640F4990-FE84-4CAB-BFB3-956C5A47AE4C}.Debug|Any CPU.Build.0 = Debug|Any CPU
		{640F4990-FE84-4CAB-BFB3-956C5A47AE4C}.Release|Any CPU.ActiveCfg = Release|Any CPU
		{640F4990-FE84-4CAB-BFB3-956C5A47AE4C}.Release|Any CPU.Build.0 = Release|Any CPU
		{B8B22D40-5F45-48D5-98B6-1DCEFA9E12BB}.Debug|Any CPU.ActiveCfg = Debug|Any CPU
		{B8B22D40-5F45-48D5-98B6-1DCEFA9E12BB}.Debug|Any CPU.Build.0 = Debug|Any CPU
		{B8B22D40-5F45-48D5-98B6-1DCEFA9E12BB}.Release|Any CPU.ActiveCfg = Release|Any CPU
		{B8B22D40-5F45-48D5-98B6-1DCEFA9E12BB}.Release|Any CPU.Build.0 = Release|Any CPU
		{D8AC64C2-9FF9-4045-BA60-76838E8E9D81}.Debug|Any CPU.ActiveCfg = Debug|Any CPU
		{D8AC64C2-9FF9-4045-BA60-76838E8E9D81}.Debug|Any CPU.Build.0 = Debug|Any CPU
		{D8AC64C2-9FF9-4045-BA60-76838E8E9D81}.Release|Any CPU.ActiveCfg = Release|Any CPU
		{D8AC64C2-9FF9-4045-BA60-76838E8E9D81}.Release|Any CPU.Build.0 = Release|Any CPU
	EndGlobalSection
	GlobalSection(SolutionProperties) = preSolution
		HideSolutionNode = FALSE
	EndGlobalSection
	GlobalSection(NestedProjects) = preSolution
		{BF377AAA-5FE4-4238-B9FE-9AA54F8917C6} = {0A62BAA2-D4A5-4468-82DD-35B6C81E72BC}
		{47168F5A-C6AD-4184-9FE8-9ECF236CA7EB} = {9F06921A-61C2-441C-AB6B-891E888B5F6D}
		{3C48F95E-CB15-4B66-8AC4-0E1204A77325} = {3CA80A8A-02C5-411D-B0AD-3B10367735F6}
		{51CFD3DB-4CE6-4C5D-AEEC-3A9865D0F128} = {204E68D7-89DE-43DE-A89F-FC39E45F0354}
		{39534DE9-B96E-4728-B254-9FEC5FAFEEBE} = {9F06921A-61C2-441C-AB6B-891E888B5F6D}
		{39E8063C-F1E6-4E33-B6AF-F5667CC8E935} = {9F06921A-61C2-441C-AB6B-891E888B5F6D}
		{640F4990-FE84-4CAB-BFB3-956C5A47AE4C} = {204E68D7-89DE-43DE-A89F-FC39E45F0354}
		{B8B22D40-5F45-48D5-98B6-1DCEFA9E12BB} = {EDD3179A-DD6C-46EE-9599-F2E73405C50D}
		{D8AC64C2-9FF9-4045-BA60-76838E8E9D81} = {D591EAFF-826C-4985-8463-5D11C26BEAEF}
	EndGlobalSection
	GlobalSection(ExtensibilityGlobals) = postSolution
		SolutionGuid = {23BD8795-520C-4B2A-A7B5-D2AD39809131}
	EndGlobalSection
EndGlobal
